
Microsoft Visual Studio Solution File, Format Version 11.00
# Visual Studio 2010
Project("{E24C65DC-7377-472B-9ABA-BC803B73C61A}") = "ControlFK", ".", "{F9F13A04-485C-48A3-97FD-3DC9B390357F}"
	ProjectSection(WebsiteProperties) = preProject
		TargetFrameworkMoniker = ".NETFramework,Version%3Dv2.0"
		Debug.AspNetCompiler.VirtualPath = "/ControlFK"
		Debug.AspNetCompiler.PhysicalPath = "..\ControlFK\"
		Debug.AspNetCompiler.TargetPath = "PrecompiledWeb\ControlFK\"
		Debug.AspNetCompiler.Updateable = "true"
		Debug.AspNetCompiler.ForceOverwrite = "true"
		Debug.AspNetCompiler.FixedNames = "false"
		Debug.AspNetCompiler.Debug = "True"
		Release.AspNetCompiler.VirtualPath = "/ControlFK"
		Release.AspNetCompiler.PhysicalPath = "..\ControlFK\"
		Release.AspNetCompiler.TargetPath = "PrecompiledWeb\ControlFK\"
		Release.AspNetCompiler.Updateable = "true"
		Release.AspNetCompiler.ForceOverwrite = "true"
		Release.AspNetCompiler.FixedNames = "false"
		Release.AspNetCompiler.Debug = "False"
		VWDPort = "20181"
	EndProjectSection
EndProject
Global
	GlobalSection(SolutionConfigurationPlatforms) = preSolution
		Debug|Any CPU = Debug|Any CPU
	EndGlobalSection
	GlobalSection(ProjectConfigurationPlatforms) = postSolution
		{F9F13A04-485C-48A3-97FD-3DC9B390357F}.Debug|Any CPU.ActiveCfg = Debug|Any CPU
		{F9F13A04-485C-48A3-97FD-3DC9B390357F}.Debug|Any CPU.Build.0 = Debug|Any CPU
	EndGlobalSection
	GlobalSection(SolutionProperties) = preSolution
		HideSolutionNode = FALSE
	EndGlobalSection
EndGlobal
